
Microsoft Visual Studio Solution File, Format Version 12.00
# Visual Studio 14
VisualStudioVersion = 14.0.25420.1
MinimumVisualStudioVersion = 10.0.40219.1
Project("{2150E333-8FDC-42A3-9474-1A3956D46DE8}") = "src", "src", "{1B401F62-876F-47AD-BCE2-7EF6B63C2745}"
EndProject
Project("{2150E333-8FDC-42A3-9474-1A3956D46DE8}") = "Solution Items", "Solution Items", "{D45637E1-3761-4FF4-AA34-2506A7CF8862}"
	ProjectSection(SolutionItems) = preProject
		global.json = global.json
	EndProjectSection
EndProject
Project("{8BB2217D-0F2D-49D1-97BC-3654ED321F3B}") = "Twilio", "src\Twilio\Twilio.xproj", "{AD767D4E-723B-42F4-BADE-D43E48207681}"
EndProject
Global
	GlobalSection(SolutionConfigurationPlatforms) = preSolution
		Debug|Any CPU = Debug|Any CPU
		Release|Any CPU = Release|Any CPU
	EndGlobalSection
	GlobalSection(ProjectConfigurationPlatforms) = postSolution
		{AD767D4E-723B-42F4-BADE-D43E48207681}.Debug|Any CPU.ActiveCfg = Debug|Any CPU
		{AD767D4E-723B-42F4-BADE-D43E48207681}.Debug|Any CPU.Build.0 = Debug|Any CPU
		{AD767D4E-723B-42F4-BADE-D43E48207681}.Release|Any CPU.ActiveCfg = Release|Any CPU
		{AD767D4E-723B-42F4-BADE-D43E48207681}.Release|Any CPU.Build.0 = Release|Any CPU
	EndGlobalSection
	GlobalSection(SolutionProperties) = preSolution
		HideSolutionNode = FALSE
	EndGlobalSection
	GlobalSection(NestedProjects) = preSolution
		{AD767D4E-723B-42F4-BADE-D43E48207681} = {1B401F62-876F-47AD-BCE2-7EF6B63C2745}
	EndGlobalSection
EndGlobal
